// !$*UTF8*$!
{
	archiveVersion = 1;
	classes = {
	};
	objectVersion = 46;
	objects = {

/* Begin PBXBuildFile section */
		73855B981A7D807D00E503FA /* AppDelegate.swift in Sources */ = {isa = PBXBuildFile; fileRef = 73855B971A7D807D00E503FA /* AppDelegate.swift */; };
		73855B9A1A7D807D00E503FA /* ViewController.swift in Sources */ = {isa = PBXBuildFile; fileRef = 73855B991A7D807D00E503FA /* ViewController.swift */; };
		73855B9D1A7D807D00E503FA /* Main.storyboard in Resources */ = {isa = PBXBuildFile; fileRef = 73855B9B1A7D807D00E503FA /* Main.storyboard */; };
		73855B9F1A7D807D00E503FA /* Images.xcassets in Resources */ = {isa = PBXBuildFile; fileRef = 73855B9E1A7D807D00E503FA /* Images.xcassets */; };
		73855BA21A7D807D00E503FA /* LaunchScreen.xib in Resources */ = {isa = PBXBuildFile; fileRef = 73855BA01A7D807D00E503FA /* LaunchScreen.xib */; };
		73855BAE1A7D807D00E503FA /* DataSourceAfterTests.swift in Sources */ = {isa = PBXBuildFile; fileRef = 73855BAD1A7D807D00E503FA /* DataSourceAfterTests.swift */; };
		73855BBA1A7D80F900E503FA /* ItemViewCell.swift in Sources */ = {isa = PBXBuildFile; fileRef = 73855BB81A7D80F900E503FA /* ItemViewCell.swift */; };
		73855BBB1A7D80F900E503FA /* SectionHeaderViewCell.swift in Sources */ = {isa = PBXBuildFile; fileRef = 73855BB91A7D80F900E503FA /* SectionHeaderViewCell.swift */; };
		73855BBD1A7D810800E503FA /* Model.swift in Sources */ = {isa = PBXBuildFile; fileRef = 73855BBC1A7D810800E503FA /* Model.swift */; };
		73855BBF1A7D815900E503FA /* ItemsDataSource.swift in Sources */ = {isa = PBXBuildFile; fileRef = 73855BBE1A7D815900E503FA /* ItemsDataSource.swift */; };
/* End PBXBuildFile section */

/* Begin PBXContainerItemProxy section */
		73855BA81A7D807D00E503FA /* PBXContainerItemProxy */ = {
			isa = PBXContainerItemProxy;
			containerPortal = 73855B8A1A7D807D00E503FA /* Project object */;
			proxyType = 1;
			remoteGlobalIDString = 73855B911A7D807D00E503FA;
			remoteInfo = DataSourceAfter;
		};
/* End PBXContainerItemProxy section */

/* Begin PBXFileReference section */
		73855B921A7D807D00E503FA /* DataSourceAfter.app */ = {isa = PBXFileReference; explicitFileType = wrapper.application; includeInIndex = 0; path = DataSourceAfter.app; sourceTree = BUILT_PRODUCTS_DIR; };
		73855B961A7D807D00E503FA /* Info.plist */ = {isa = PBXFileReference; lastKnownFileType = text.plist.xml; path = Info.plist; sourceTree = "<group>"; };
		73855B971A7D807D00E503FA /* AppDelegate.swift */ = {isa = PBXFileReference; lastKnownFileType = sourcecode.swift; path = AppDelegate.swift; sourceTree = "<group>"; };
		73855B991A7D807D00E503FA /* ViewController.swift */ = {isa = PBXFileReference; lastKnownFileType = sourcecode.swift; path = ViewController.swift; sourceTree = "<group>"; };
		73855B9C1A7D807D00E503FA /* Base */ = {isa = PBXFileReference; lastKnownFileType = file.storyboard; name = Base; path = Base.lproj/Main.storyboard; sourceTree = "<group>"; };
		73855B9E1A7D807D00E503FA /* Images.xcassets */ = {isa = PBXFileReference; lastKnownFileType = folder.assetcatalog; path = Images.xcassets; sourceTree = "<group>"; };
		73855BA11A7D807D00E503FA /* Base */ = {isa = PBXFileReference; lastKnownFileType = file.xib; name = Base; path = Base.lproj/LaunchScreen.xib; sourceTree = "<group>"; };
		73855BA71A7D807D00E503FA /* DataSourceAfterTests.xctest */ = {isa = PBXFileReference; explicitFileType = wrapper.cfbundle; includeInIndex = 0; path = DataSourceAfterTests.xctest; sourceTree = BUILT_PRODUCTS_DIR; };
		73855BAC1A7D807D00E503FA /* Info.plist */ = {isa = PBXFileReference; lastKnownFileType = text.plist.xml; path = Info.plist; sourceTree = "<group>"; };
		73855BAD1A7D807D00E503FA /* DataSourceAfterTests.swift */ = {isa = PBXFileReference; lastKnownFileType = sourcecode.swift; path = DataSourceAfterTests.swift; sourceTree = "<group>"; };
		73855BB81A7D80F900E503FA /* ItemViewCell.swift */ = {isa = PBXFileReference; fileEncoding = 4; lastKnownFileType = sourcecode.swift; path = ItemViewCell.swift; sourceTree = "<group>"; };
		73855BB91A7D80F900E503FA /* SectionHeaderViewCell.swift */ = {isa = PBXFileReference; fileEncoding = 4; lastKnownFileType = sourcecode.swift; path = SectionHeaderViewCell.swift; sourceTree = "<group>"; };
		73855BBC1A7D810800E503FA /* Model.swift */ = {isa = PBXFileReference; fileEncoding = 4; lastKnownFileType = sourcecode.swift; path = Model.swift; sourceTree = "<group>"; };
		73855BBE1A7D815900E503FA /* ItemsDataSource.swift */ = {isa = PBXFileReference; fileEncoding = 4; lastKnownFileType = sourcecode.swift; path = ItemsDataSource.swift; sourceTree = "<group>"; };
/* End PBXFileReference section */

/* Begin PBXFrameworksBuildPhase section */
		73855B8F1A7D807D00E503FA /* Frameworks */ = {
			isa = PBXFrameworksBuildPhase;
			buildActionMask = 2147483647;
			files = (
			);
			runOnlyForDeploymentPostprocessing = 0;
		};
		73855BA41A7D807D00E503FA /* Frameworks */ = {
			isa = PBXFrameworksBuildPhase;
			buildActionMask = 2147483647;
			files = (
			);
			runOnlyForDeploymentPostprocessing = 0;
		};
/* End PBXFrameworksBuildPhase section */

/* Begin PBXGroup section */
		73855B891A7D807D00E503FA = {
			isa = PBXGroup;
			children = (
				73855BBE1A7D815900E503FA /* ItemsDataSource.swift */,
				73855B941A7D807D00E503FA /* DataSourceAfter */,
				73855BAA1A7D807D00E503FA /* DataSourceAfterTests */,
				73855B931A7D807D00E503FA /* Products */,
			);
			sourceTree = "<group>";
		};
		73855B931A7D807D00E503FA /* Products */ = {
			isa = PBXGroup;
			children = (
				73855B921A7D807D00E503FA /* DataSourceAfter.app */,
				73855BA71A7D807D00E503FA /* DataSourceAfterTests.xctest */,
			);
			name = Products;
			sourceTree = "<group>";
		};
		73855B941A7D807D00E503FA /* DataSourceAfter */ = {
			isa = PBXGroup;
			children = (
				73855BB71A7D808800E503FA /* Cells */,
				73855BBC1A7D810800E503FA /* Model.swift */,
				73855B971A7D807D00E503FA /* AppDelegate.swift */,
				73855B991A7D807D00E503FA /* ViewController.swift */,
				73855B9B1A7D807D00E503FA /* Main.storyboard */,
				73855BA01A7D807D00E503FA /* LaunchScreen.xib */,
				73855B9E1A7D807D00E503FA /* Images.xcassets */,
				73855B951A7D807D00E503FA /* Supporting Files */,
			);
			path = DataSourceAfter;
			sourceTree = "<group>";
		};
		73855B951A7D807D00E503FA /* Supporting Files */ = {
			isa = PBXGroup;
			children = (
				73855B961A7D807D00E503FA /* Info.plist */,
			);
			name = "Supporting Files";
			sourceTree = "<group>";
		};
		73855BAA1A7D807D00E503FA /* DataSourceAfterTests */ = {
			isa = PBXGroup;
			children = (
				73855BAD1A7D807D00E503FA /* DataSourceAfterTests.swift */,
				73855BAB1A7D807D00E503FA /* Supporting Files */,
			);
			path = DataSourceAfterTests;
			sourceTree = "<group>";
		};
		73855BAB1A7D807D00E503FA /* Supporting Files */ = {
			isa = PBXGroup;
			children = (
				73855BAC1A7D807D00E503FA /* Info.plist */,
			);
			name = "Supporting Files";
			sourceTree = "<group>";
		};
		73855BB71A7D808800E503FA /* Cells */ = {
			isa = PBXGroup;
			children = (
				73855BB91A7D80F900E503FA /* SectionHeaderViewCell.swift */,
				73855BB81A7D80F900E503FA /* ItemViewCell.swift */,
			);
			name = Cells;
			sourceTree = "<group>";
		};
/* End PBXGroup section */

/* Begin PBXNativeTarget section */
		73855B911A7D807D00E503FA /* DataSourceAfter */ = {
			isa = PBXNativeTarget;
			buildConfigurationList = 73855BB11A7D807D00E503FA /* Build configuration list for PBXNativeTarget "DataSourceAfter" */;
			buildPhases = (
				73855B8E1A7D807D00E503FA /* Sources */,
				73855B8F1A7D807D00E503FA /* Frameworks */,
				73855B901A7D807D00E503FA /* Resources */,
			);
			buildRules = (
			);
			dependencies = (
			);
			name = DataSourceAfter;
			productName = DataSourceAfter;
			productReference = 73855B921A7D807D00E503FA /* DataSourceAfter.app */;
			productType = "com.apple.product-type.application";
		};
		73855BA61A7D807D00E503FA /* DataSourceAfterTests */ = {
			isa = PBXNativeTarget;
			buildConfigurationList = 73855BB41A7D807D00E503FA /* Build configuration list for PBXNativeTarget "DataSourceAfterTests" */;
			buildPhases = (
				73855BA31A7D807D00E503FA /* Sources */,
				73855BA41A7D807D00E503FA /* Frameworks */,
				73855BA51A7D807D00E503FA /* Resources */,
			);
			buildRules = (
			);
			dependencies = (
				73855BA91A7D807D00E503FA /* PBXTargetDependency */,
			);
			name = DataSourceAfterTests;
			productName = DataSourceAfterTests;
			productReference = 73855BA71A7D807D00E503FA /* DataSourceAfterTests.xctest */;
			productType = "com.apple.product-type.bundle.unit-test";
		};
/* End PBXNativeTarget section */

/* Begin PBXProject section */
		73855B8A1A7D807D00E503FA /* Project object */ = {
			isa = PBXProject;
			attributes = {
				LastUpgradeCheck = 0610;
				ORGANIZATIONNAME = "Gentle Bytes";
				TargetAttributes = {
					73855B911A7D807D00E503FA = {
						CreatedOnToolsVersion = 6.1.1;
					};
					73855BA61A7D807D00E503FA = {
						CreatedOnToolsVersion = 6.1.1;
						TestTargetID = 73855B911A7D807D00E503FA;
					};
				};
			};
			buildConfigurationList = 73855B8D1A7D807D00E503FA /* Build configuration list for PBXProject "DataSourceAfter" */;
			compatibilityVersion = "Xcode 3.2";
			developmentRegion = English;
			hasScannedForEncodings = 0;
			knownRegions = (
				en,
				Base,
			);
			mainGroup = 73855B891A7D807D00E503FA;
			productRefGroup = 73855B931A7D807D00E503FA /* Products */;
			projectDirPath = "";
			projectRoot = "";
			targets = (
				73855B911A7D807D00E503FA /* DataSourceAfter */,
				73855BA61A7D807D00E503FA /* DataSourceAfterTests */,
			);
		};
/* End PBXProject section */

/* Begin PBXResourcesBuildPhase section */
		73855B901A7D807D00E503FA /* Resources */ = {
			isa = PBXResourcesBuildPhase;
			buildActionMask = 2147483647;
			files = (
				73855B9D1A7D807D00E503FA /* Main.storyboard in Resources */,
				73855BA21A7D807D00E503FA /* LaunchScreen.xib in Resources */,
				73855B9F1A7D807D00E503FA /* Images.xcassets in Resources */,
			);
			runOnlyForDeploymentPostprocessing = 0;
		};
		73855BA51A7D807D00E503FA /* Resources */ = {
			isa = PBXResourcesBuildPhase;
			buildActionMask = 2147483647;
			files = (
			);
			runOnlyForDeploymentPostprocessing = 0;
		};
/* End PBXResourcesBuildPhase section */

/* Begin PBXSourcesBuildPhase section */
		73855B8E1A7D807D00E503FA /* Sources */ = {
			isa = PBXSourcesBuildPhase;
			buildActionMask = 2147483647;
			files = (
				73855BBD1A7D810800E503FA /* Model.swift in Sources */,
				73855BBA1A7D80F900E503FA /* ItemViewCell.swift in Sources */,
				73855B9A1A7D807D00E503FA /* ViewController.swift in Sources */,
				73855BBF1A7D815900E503FA /* ItemsDataSource.swift in Sources */,
				73855B981A7D807D00E503FA /* AppDelegate.swift in Sources */,
				73855BBB1A7D80F900E503FA /* SectionHeaderViewCell.swift in Sources */,
			);
			runOnlyForDeploymentPostprocessing = 0;
		};
		73855BA31A7D807D00E503FA /* Sources */ = {
			isa = PBXSourcesBuildPhase;
			buildActionMask = 2147483647;
			files = (
				73855BAE1A7D807D00E503FA /* DataSourceAfterTests.swift in Sources */,
			);
			runOnlyForDeploymentPostprocessing = 0;
		};
/* End PBXSourcesBuildPhase section */

/* Begin PBXTargetDependency section */
		73855BA91A7D807D00E503FA /* PBXTargetDependency */ = {
			isa = PBXTargetDependency;
			target = 73855B911A7D807D00E503FA /* DataSourceAfter */;
			targetProxy = 73855BA81A7D807D00E503FA /* PBXContainerItemProxy */;
		};
/* End PBXTargetDependency section */

/* Begin PBXVariantGroup section */
		73855B9B1A7D807D00E503FA /* Main.storyboard */ = {
			isa = PBXVariantGroup;
			children = (
				73855B9C1A7D807D00E503FA /* Base */,
			);
			name = Main.storyboard;
			sourceTree = "<group>";
		};
		73855BA01A7D807D00E503FA /* LaunchScreen.xib */ = {
			isa = PBXVariantGroup;
			children = (
				73855BA11A7D807D00E503FA /* Base */,
			);
			name = LaunchScreen.xib;
			sourceTree = "<group>";
		};
/* End PBXVariantGroup section */

/* Begin XCBuildConfiguration section */
		73855BAF1A7D807D00E503FA /* Debug */ = {
			isa = XCBuildConfiguration;
			buildSettings = {
				ALWAYS_SEARCH_USER_PATHS = NO;
				CLANG_CXX_LANGUAGE_STANDARD = "gnu++0x";
				CLANG_CXX_LIBRARY = "libc++";
				CLANG_ENABLE_MODULES = YES;
				CLANG_ENABLE_OBJC_ARC = YES;
				CLANG_WARN_BOOL_CONVERSION = YES;
				CLANG_WARN_CONSTANT_CONVERSION = YES;
				CLANG_WARN_DIRECT_OBJC_ISA_USAGE = YES_ERROR;
				CLANG_WARN_EMPTY_BODY = YES;
				CLANG_WARN_ENUM_CONVERSION = YES;
				CLANG_WARN_INT_CONVERSION = YES;
				CLANG_WARN_OBJC_ROOT_CLASS = YES_ERROR;
				CLANG_WARN_UNREACHABLE_CODE = YES;
				CLANG_WARN__DUPLICATE_METHOD_MATCH = YES;
				"CODE_SIGN_IDENTITY[sdk=iphoneos*]" = "iPhone Developer";
				COPY_PHASE_STRIP = NO;
				ENABLE_STRICT_OBJC_MSGSEND = YES;
				GCC_C_LANGUAGE_STANDARD = gnu99;
				GCC_DYNAMIC_NO_PIC = NO;
				GCC_OPTIMIZATION_LEVEL = 0;
				GCC_PREPROCESSOR_DEFINITIONS = (
					"DEBUG=1",
					"$(inherited)",
				);
				GCC_SYMBOLS_PRIVATE_EXTERN = NO;
				GCC_WARN_64_TO_32_BIT_CONVERSION = YES;
				GCC_WARN_ABOUT_RETURN_TYPE = YES_ERROR;
				GCC_WARN_UNDECLARED_SELECTOR = YES;
				GCC_WARN_UNINITIALIZED_AUTOS = YES_AGGRESSIVE;
				GCC_WARN_UNUSED_FUNCTION = YES;
				GCC_WARN_UNUSED_VARIABLE = YES;
				IPHONEOS_DEPLOYMENT_TARGET = 8.1;
				MTL_ENABLE_DEBUG_INFO = YES;
				ONLY_ACTIVE_ARCH = YES;
				SDKROOT = iphoneos;
				SWIFT_OPTIMIZATION_LEVEL = "-Onone";
				TARGETED_DEVICE_FAMILY = "1,2";
			};
			name = Debug;
		};
		73855BB01A7D807D00E503FA /* Release */ = {
			isa = XCBuildConfiguration;
			buildSettings = {
				ALWAYS_SEARCH_USER_PATHS = NO;
				CLANG_CXX_LANGUAGE_STANDARD = "gnu++0x";
				CLANG_CXX_LIBRARY = "libc++";
				CLANG_ENABLE_MODULES = YES;
				CLANG_ENABLE_OBJC_ARC = YES;
				CLANG_WARN_BOOL_CONVERSION = YES;
				CLANG_WARN_CONSTANT_CONVERSION = YES;
				CLANG_WARN_DIRECT_OBJC_ISA_USAGE = YES_ERROR;
				CLANG_WARN_EMPTY_BODY = YES;
				CLANG_WARN_ENUM_CONVERSION = YES;
				CLANG_WARN_INT_CONVERSION = YES;
				CLANG_WARN_OBJC_ROOT_CLASS = YES_ERROR;
				CLANG_WARN_UNREACHABLE_CODE = YES;
				CLANG_WARN__DUPLICATE_METHOD_MATCH = YES;
				"CODE_SIGN_IDENTITY[sdk=iphoneos*]" = "iPhone Developer";
				COPY_PHASE_STRIP = YES;
				ENABLE_NS_ASSERTIONS = NO;
				ENABLE_STRICT_OBJC_MSGSEND = YES;
				GCC_C_LANGUAGE_STANDARD = gnu99;
				GCC_WARN_64_TO_32_BIT_CONVERSION = YES;
				GCC_WARN_ABOUT_RETURN_TYPE = YES_ERROR;
				GCC_WARN_UNDECLARED_SELECTOR = YES;
				GCC_WARN_UNINITIALIZED_AUTOS = YES_AGGRESSIVE;
				GCC_WARN_UNUSED_FUNCTION = YES;
				GCC_WARN_UNUSED_VARIABLE = YES;
				IPHONEOS_DEPLOYMENT_TARGET = 8.1;
				MTL_ENABLE_DEBUG_INFO = NO;
				SDKROOT = iphoneos;
				TARGETED_DEVICE_FAMILY = "1,2";
				VALIDATE_PRODUCT = YES;
			};
			name = Release;
		};
		73855BB21A7D807D00E503FA /* Debug */ = {
			isa = XCBuildConfiguration;
			buildSettings = {
				ASSETCATALOG_COMPILER_APPICON_NAME = AppIcon;
				INFOPLIST_FILE = DataSourceAfter/Info.plist;
				LD_RUNPATH_SEARCH_PATHS = "$(inherited) @executable_path/Frameworks";
				PRODUCT_NAME = "$(TARGET_NAME)";
			};
			name = Debug;
		};
		73855BB31A7D807D00E503FA /* Release */ = {
			isa = XCBuildConfiguration;
			buildSettings = {
				ASSETCATALOG_COMPILER_APPICON_NAME = AppIcon;
				INFOPLIST_FILE = DataSourceAfter/Info.plist;
				LD_RUNPATH_SEARCH_PATHS = "$(inherited) @executable_path/Frameworks";
				PRODUCT_NAME = "$(TARGET_NAME)";
			};
			name = Release;
		};
		73855BB51A7D807D00E503FA /* Debug */ = {
			isa = XCBuildConfiguration;
			buildSettings = {
				BUNDLE_LOADER = "$(TEST_HOST)";
				FRAMEWORK_SEARCH_PATHS = (
					"$(SDKROOT)/Developer/Library/Frameworks",
					"$(inherited)",
				);
				GCC_PREPROCESSOR_DEFINITIONS = (
					"DEBUG=1",
					"$(inherited)",
				);
				INFOPLIST_FILE = DataSourceAfterTests/Info.plist;
				LD_RUNPATH_SEARCH_PATHS = "$(inherited) @executable_path/Frameworks @loader_path/Frameworks";
				PRODUCT_NAME = "$(TARGET_NAME)";
				TEST_HOST = "$(BUILT_PRODUCTS_DIR)/DataSourceAfter.app/DataSourceAfter";
			};
			name = Debug;
		};
		73855BB61A7D807D00E503FA /* Release */ = {
			isa = XCBuildConfiguration;
			buildSettings = {
				BUNDLE_LOADER = "$(TEST_HOST)";
				FRAMEWORK_SEARCH_PATHS = (
					"$(SDKROOT)/Developer/Library/Frameworks",
					"$(inherited)",
				);
				INFOPLIST_FILE = DataSourceAfterTests/Info.plist;
				LD_RUNPATH_SEARCH_PATHS = "$(inherited) @executable_path/Frameworks @loader_path/Frameworks";
				PRODUCT_NAME = "$(TARGET_NAME)";
				TEST_HOST = "$(BUILT_PRODUCTS_DIR)/DataSourceAfter.app/DataSourceAfter";
			};
			name = Release;
		};
/* End XCBuildConfiguration section */

/* Begin XCConfigurationList section */
		73855B8D1A7D807D00E503FA /* Build configuration list for PBXProject "DataSourceAfter" */ = {
			isa = XCConfigurationList;
			buildConfigurations = (
				73855BAF1A7D807D00E503FA /* Debug */,
				73855BB01A7D807D00E503FA /* Release */,
			);
			defaultConfigurationIsVisible = 0;
			defaultConfigurationName = Release;
		};
		73855BB11A7D807D00E503FA /* Build configuration list for PBXNativeTarget "DataSourceAfter" */ = {
			isa = XCConfigurationList;
			buildConfigurations = (
				73855BB21A7D807D00E503FA /* Debug */,
				73855BB31A7D807D00E503FA /* Release */,
			);
			defaultConfigurationIsVisible = 0;
		};
		73855BB41A7D807D00E503FA /* Build configuration list for PBXNativeTarget "DataSourceAfterTests" */ = {
			isa = XCConfigurationList;
			buildConfigurations = (
				73855BB51A7D807D00E503FA /* Debug */,
				73855BB61A7D807D00E503FA /* Release */,
			);
			defaultConfigurationIsVisible = 0;
		};
/* End XCConfigurationList section */
	};
	rootObject = 73855B8A1A7D807D00E503FA /* Project object */;
}
